# This file is automatically @generated by Poetry 2.2.1 and should not be changed by hand.

[[package]]
name = "package-practice-kaviyav"
version = "0.2"
description = "A sample Python package"
optional = false
python-versions = "*"
groups = ["main"]
files = [
    {file = "package_practice_kaviyav-0.2-py3-none-any.whl", hash = "sha256:be32dda5604ad5211095d055876bb2a0500719919f39a7555c5f45714f571a2c"},
    {file = "package_practice_kaviyav-0.2.tar.gz", hash = "sha256:8abf963759718612be5708dd436fd65bf990824136b917bf4896a6766ab6dd9a"},
]

[metadata]
lock-version = "2.1"
python-versions = ">=3.11"
content-hash = "428af977abc2b478ddd10e2e7646fc14041d5888f9e0c1c293f3074cd7eef9d4"
